// !$*UTF8*$!
{
	archiveVersion = 1;
	classes = {
	};
	objectVersion = 56;
	objects = {

/* Begin PBXBuildFile section */
		3632E4902BDE6DD10023BE5C /* AppDelegate.swift in Sources */ = {isa = PBXBuildFile; fileRef = 3632E48F2BDE6DD10023BE5C /* AppDelegate.swift */; };
		3632E4922BDE6DD10023BE5C /* SceneDelegate.swift in Sources */ = {isa = PBXBuildFile; fileRef = 3632E4912BDE6DD10023BE5C /* SceneDelegate.swift */; };
		3632E4942BDE6DD10023BE5C /* ViewController.swift in Sources */ = {isa = PBXBuildFile; fileRef = 3632E4932BDE6DD10023BE5C /* ViewController.swift */; };
		3632E4972BDE6DD10023BE5C /* Base in Resources */ = {isa = PBXBuildFile; fileRef = 3632E4962BDE6DD10023BE5C /* Base */; };
		3632E49A2BDE6DD10023BE5C /* ArtBookProject2.xcdatamodeld in Sources */ = {isa = PBXBuildFile; fileRef = 3632E4982BDE6DD10023BE5C /* ArtBookProject2.xcdatamodeld */; };
		3632E49C2BDE6DD20023BE5C /* Assets.xcassets in Resources */ = {isa = PBXBuildFile; fileRef = 3632E49B2BDE6DD20023BE5C /* Assets.xcassets */; };
		3632E49F2BDE6DD20023BE5C /* Base in Resources */ = {isa = PBXBuildFile; fileRef = 3632E49E2BDE6DD20023BE5C /* Base */; };
		3632E4A72BDE6E350023BE5C /* detailsVC.swift in Sources */ = {isa = PBXBuildFile; fileRef = 3632E4A62BDE6E350023BE5C /* detailsVC.swift */; };
		3632E4A92BDE6EF10023BE5C /* selectimage.png in Resources */ = {isa = PBXBuildFile; fileRef = 3632E4A82BDE6EF10023BE5C /* selectimage.png */; };
/* End PBXBuildFile section */

/* Begin PBXFileReference section */
		3632E48C2BDE6DD10023BE5C /* ArtBookProject2.app */ = {isa = PBXFileReference; explicitFileType = wrapper.application; includeInIndex = 0; path = ArtBookProject2.app; sourceTree = BUILT_PRODUCTS_DIR; };
		3632E48F2BDE6DD10023BE5C /* AppDelegate.swift */ = {isa = PBXFileReference; lastKnownFileType = sourcecode.swift; path = AppDelegate.swift; sourceTree = "<group>"; };
		3632E4912BDE6DD10023BE5C /* SceneDelegate.swift */ = {isa = PBXFileReference; lastKnownFileType = sourcecode.swift; path = SceneDelegate.swift; sourceTree = "<group>"; };
		3632E4932BDE6DD10023BE5C /* ViewController.swift */ = {isa = PBXFileReference; lastKnownFileType = sourcecode.swift; path = ViewController.swift; sourceTree = "<group>"; };
		3632E4962BDE6DD10023BE5C /* Base */ = {isa = PBXFileReference; lastKnownFileType = file.storyboard; name = Base; path = Base.lproj/Main.storyboard; sourceTree = "<group>"; };
		3632E4992BDE6DD10023BE5C /* ArtBookProject2.xcdatamodel */ = {isa = PBXFileReference; lastKnownFileType = wrapper.xcdatamodel; path = ArtBookProject2.xcdatamodel; sourceTree = "<group>"; };
		3632E49B2BDE6DD20023BE5C /* Assets.xcassets */ = {isa = PBXFileReference; lastKnownFileType = folder.assetcatalog; path = Assets.xcassets; sourceTree = "<group>"; };
		3632E49E2BDE6DD20023BE5C /* Base */ = {isa = PBXFileReference; lastKnownFileType = file.storyboard; name = Base; path = Base.lproj/LaunchScreen.storyboard; sourceTree = "<group>"; };
		3632E4A02BDE6DD20023BE5C /* Info.plist */ = {isa = PBXFileReference; lastKnownFileType = text.plist.xml; path = Info.plist; sourceTree = "<group>"; };
		3632E4A62BDE6E350023BE5C /* detailsVC.swift */ = {isa = PBXFileReference; lastKnownFileType = sourcecode.swift; path = detailsVC.swift; sourceTree = "<group>"; };
		3632E4A82BDE6EF10023BE5C /* selectimage.png */ = {isa = PBXFileReference; lastKnownFileType = image.png; path = selectimage.png; sourceTree = "<group>"; };
/* End PBXFileReference section */

/* Begin PBXFrameworksBuildPhase section */
		3632E4892BDE6DD10023BE5C /* Frameworks */ = {
			isa = PBXFrameworksBuildPhase;
			buildActionMask = 2147483647;
			files = (
			);
			runOnlyForDeploymentPostprocessing = 0;
		};
/* End PBXFrameworksBuildPhase section */

/* Begin PBXGroup section */
		3632E4832BDE6DD10023BE5C = {
			isa = PBXGroup;
			children = (
				3632E48E2BDE6DD10023BE5C /* ArtBookProject2 */,
				3632E48D2BDE6DD10023BE5C /* Products */,
			);
			sourceTree = "<group>";
		};
		3632E48D2BDE6DD10023BE5C /* Products */ = {
			isa = PBXGroup;
			children = (
				3632E48C2BDE6DD10023BE5C /* ArtBookProject2.app */,
			);
			name = Products;
			sourceTree = "<group>";
		};
		3632E48E2BDE6DD10023BE5C /* ArtBookProject2 */ = {
			isa = PBXGroup;
			children = (
				3632E4A82BDE6EF10023BE5C /* selectimage.png */,
				3632E48F2BDE6DD10023BE5C /* AppDelegate.swift */,
				3632E4912BDE6DD10023BE5C /* SceneDelegate.swift */,
				3632E4932BDE6DD10023BE5C /* ViewController.swift */,
				3632E4A62BDE6E350023BE5C /* detailsVC.swift */,
				3632E4952BDE6DD10023BE5C /* Main.storyboard */,
				3632E49B2BDE6DD20023BE5C /* Assets.xcassets */,
				3632E49D2BDE6DD20023BE5C /* LaunchScreen.storyboard */,
				3632E4A02BDE6DD20023BE5C /* Info.plist */,
				3632E4982BDE6DD10023BE5C /* ArtBookProject2.xcdatamodeld */,
			);
			path = ArtBookProject2;
			sourceTree = "<group>";
		};
/* End PBXGroup section */

/* Begin PBXNativeTarget section */
		3632E48B2BDE6DD10023BE5C /* ArtBookProject2 */ = {
			isa = PBXNativeTarget;
			buildConfigurationList = 3632E4A32BDE6DD20023BE5C /* Build configuration list for PBXNativeTarget "ArtBookProject2" */;
			buildPhases = (
				3632E4882BDE6DD10023BE5C /* Sources */,
				3632E4892BDE6DD10023BE5C /* Frameworks */,
				3632E48A2BDE6DD10023BE5C /* Resources */,
			);
			buildRules = (
			);
			dependencies = (
			);
			name = ArtBookProject2;
			productName = ArtBookProject2;
			productReference = 3632E48C2BDE6DD10023BE5C /* ArtBookProject2.app */;
			productType = "com.apple.product-type.application";
		};
/* End PBXNativeTarget section */

/* Begin PBXProject section */
		3632E4842BDE6DD10023BE5C /* Project object */ = {
			isa = PBXProject;
			attributes = {
				BuildIndependentTargetsInParallel = 1;
				LastSwiftUpdateCheck = 1530;
				LastUpgradeCheck = 1530;
				TargetAttributes = {
					3632E48B2BDE6DD10023BE5C = {
						CreatedOnToolsVersion = 15.3;
					};
				};
			};
			buildConfigurationList = 3632E4872BDE6DD10023BE5C /* Build configuration list for PBXProject "ArtBookProject2" */;
			compatibilityVersion = "Xcode 14.0";
			developmentRegion = en;
			hasScannedForEncodings = 0;
			knownRegions = (
				en,
				Base,
			);
			mainGroup = 3632E4832BDE6DD10023BE5C;
			productRefGroup = 3632E48D2BDE6DD10023BE5C /* Products */;
			projectDirPath = "";
			projectRoot = "";
			targets = (
				3632E48B2BDE6DD10023BE5C /* ArtBookProject2 */,
			);
		};
/* End PBXProject section */

/* Begin PBXResourcesBuildPhase section */
		3632E48A2BDE6DD10023BE5C /* Resources */ = {
			isa = PBXResourcesBuildPhase;
			buildActionMask = 2147483647;
			files = (
				3632E49C2BDE6DD20023BE5C /* Assets.xcassets in Resources */,
				3632E4A92BDE6EF10023BE5C /* selectimage.png in Resources */,
				3632E49F2BDE6DD20023BE5C /* Base in Resources */,
				3632E4972BDE6DD10023BE5C /* Base in Resources */,
			);
			runOnlyForDeploymentPostprocessing = 0;
		};
/* End PBXResourcesBuildPhase section */

/* Begin PBXSourcesBuildPhase section */
		3632E4882BDE6DD10023BE5C /* Sources */ = {
			isa = PBXSourcesBuildPhase;
			buildActionMask = 2147483647;
			files = (
				3632E4942BDE6DD10023BE5C /* ViewController.swift in Sources */,
				3632E4902BDE6DD10023BE5C /* AppDelegate.swift in Sources */,
				3632E4A72BDE6E350023BE5C /* detailsVC.swift in Sources */,
				3632E4922BDE6DD10023BE5C /* SceneDelegate.swift in Sources */,
				3632E49A2BDE6DD10023BE5C /* ArtBookProject2.xcdatamodeld in Sources */,
			);
			runOnlyForDeploymentPostprocessing = 0;
		};
/* End PBXSourcesBuildPhase section */

/* Begin PBXVariantGroup section */
		3632E4952BDE6DD10023BE5C /* Main.storyboard */ = {
			isa = PBXVariantGroup;
			children = (
				3632E4962BDE6DD10023BE5C /* Base */,
			);
			name = Main.storyboard;
			sourceTree = "<group>";
		};
		3632E49D2BDE6DD20023BE5C /* LaunchScreen.storyboard */ = {
			isa = PBXVariantGroup;
			children = (
				3632E49E2BDE6DD20023BE5C /* Base */,
			);
			name = LaunchScreen.storyboard;
			sourceTree = "<group>";
		};
/* End PBXVariantGroup section */

/* Begin XCBuildConfiguration section */
		3632E4A12BDE6DD20023BE5C /* Debug */ = {
			isa = XCBuildConfiguration;
			buildSettings = {
				ALWAYS_SEARCH_USER_PATHS = NO;
				ASSETCATALOG_COMPILER_GENERATE_SWIFT_ASSET_SYMBOL_EXTENSIONS = YES;
				CLANG_ANALYZER_NONNULL = YES;
				CLANG_ANALYZER_NUMBER_OBJECT_CONVERSION = YES_AGGRESSIVE;
				CLANG_CXX_LANGUAGE_STANDARD = "gnu++20";
				CLANG_ENABLE_MODULES = YES;
				CLANG_ENABLE_OBJC_ARC = YES;
				CLANG_ENABLE_OBJC_WEAK = YES;
				CLANG_WARN_BLOCK_CAPTURE_AUTORELEASING = YES;
				CLANG_WARN_BOOL_CONVERSION = YES;
				CLANG_WARN_COMMA = YES;
				CLANG_WARN_CONSTANT_CONVERSION = YES;
				CLANG_WARN_DEPRECATED_OBJC_IMPLEMENTATIONS = YES;
				CLANG_WARN_DIRECT_OBJC_ISA_USAGE = YES_ERROR;
				CLANG_WARN_DOCUMENTATION_COMMENTS = YES;
				CLANG_WARN_EMPTY_BODY = YES;
				CLANG_WARN_ENUM_CONVERSION = YES;
				CLANG_WARN_INFINITE_RECURSION = YES;
				CLANG_WARN_INT_CONVERSION = YES;
				CLANG_WARN_NON_LITERAL_NULL_CONVERSION = YES;
				CLANG_WARN_OBJC_IMPLICIT_RETAIN_SELF = YES;
				CLANG_WARN_OBJC_LITERAL_CONVERSION = YES;
				CLANG_WARN_OBJC_ROOT_CLASS = YES_ERROR;
				CLANG_WARN_QUOTED_INCLUDE_IN_FRAMEWORK_HEADER = YES;
				CLANG_WARN_RANGE_LOOP_ANALYSIS = YES;
				CLANG_WARN_STRICT_PROTOTYPES = YES;
				CLANG_WARN_SUSPICIOUS_MOVE = YES;
				CLANG_WARN_UNGUARDED_AVAILABILITY = YES_AGGRESSIVE;
				CLANG_WARN_UNREACHABLE_CODE = YES;
				CLANG_WARN__DUPLICATE_METHOD_MATCH = YES;
				COPY_PHASE_STRIP = NO;
				DEBUG_INFORMATION_FORMAT = dwarf;
				ENABLE_STRICT_OBJC_MSGSEND = YES;
				ENABLE_TESTABILITY = YES;
				ENABLE_USER_SCRIPT_SANDBOXING = YES;
				GCC_C_LANGUAGE_STANDARD = gnu17;
				GCC_DYNAMIC_NO_PIC = NO;
				GCC_NO_COMMON_BLOCKS = YES;
				GCC_OPTIMIZATION_LEVEL = 0;
				GCC_PREPROCESSOR_DEFINITIONS = (
					"DEBUG=1",
					"$(inherited)",
				);
				GCC_WARN_64_TO_32_BIT_CONVERSION = YES;
				GCC_WARN_ABOUT_RETURN_TYPE = YES_ERROR;
				GCC_WARN_UNDECLARED_SELECTOR = YES;
				GCC_WARN_UNINITIALIZED_AUTOS = YES_AGGRESSIVE;
				GCC_WARN_UNUSED_FUNCTION = YES;
				GCC_WARN_UNUSED_VARIABLE = YES;
				IPHONEOS_DEPLOYMENT_TARGET = 17.4;
				LOCALIZATION_PREFERS_STRING_CATALOGS = YES;
				MTL_ENABLE_DEBUG_INFO = INCLUDE_SOURCE;
				MTL_FAST_MATH = YES;
				ONLY_ACTIVE_ARCH = YES;
				SDKROOT = iphoneos;
				SWIFT_ACTIVE_COMPILATION_CONDITIONS = "DEBUG $(inherited)";
				SWIFT_OPTIMIZATION_LEVEL = "-Onone";
			};
			name = Debug;
		};
		3632E4A22BDE6DD20023BE5C /* Release */ = {
			isa = XCBuildConfiguration;
			buildSettings = {
				ALWAYS_SEARCH_USER_PATHS = NO;
				ASSETCATALOG_COMPILER_GENERATE_SWIFT_ASSET_SYMBOL_EXTENSIONS = YES;
				CLANG_ANALYZER_NONNULL = YES;
				CLANG_ANALYZER_NUMBER_OBJECT_CONVERSION = YES_AGGRESSIVE;
				CLANG_CXX_LANGUAGE_STANDARD = "gnu++20";
				CLANG_ENABLE_MODULES = YES;
				CLANG_ENABLE_OBJC_ARC = YES;
				CLANG_ENABLE_OBJC_WEAK = YES;
				CLANG_WARN_BLOCK_CAPTURE_AUTORELEASING = YES;
				CLANG_WARN_BOOL_CONVERSION = YES;
				CLANG_WARN_COMMA = YES;
				CLANG_WARN_CONSTANT_CONVERSION = YES;
				CLANG_WARN_DEPRECATED_OBJC_IMPLEMENTATIONS = YES;
				CLANG_WARN_DIRECT_OBJC_ISA_USAGE = YES_ERROR;
				CLANG_WARN_DOCUMENTATION_COMMENTS = YES;
				CLANG_WARN_EMPTY_BODY = YES;
				CLANG_WARN_ENUM_CONVERSION = YES;
				CLANG_WARN_INFINITE_RECURSION = YES;
				CLANG_WARN_INT_CONVERSION = YES;
				CLANG_WARN_NON_LITERAL_NULL_CONVERSION = YES;
				CLANG_WARN_OBJC_IMPLICIT_RETAIN_SELF = YES;
				CLANG_WARN_OBJC_LITERAL_CONVERSION = YES;
				CLANG_WARN_OBJC_ROOT_CLASS = YES_ERROR;
				CLANG_WARN_QUOTED_INCLUDE_IN_FRAMEWORK_HEADER = YES;
				CLANG_WARN_RANGE_LOOP_ANALYSIS = YES;
				CLANG_WARN_STRICT_PROTOTYPES = YES;
				CLANG_WARN_SUSPICIOUS_MOVE = YES;
				CLANG_WARN_UNGUARDED_AVAILABILITY = YES_AGGRESSIVE;
				CLANG_WARN_UNREACHABLE_CODE = YES;
				CLANG_WARN__DUPLICATE_METHOD_MATCH = YES;
				COPY_PHASE_STRIP = NO;
				DEBUG_INFORMATION_FORMAT = "dwarf-with-dsym";
				ENABLE_NS_ASSERTIONS = NO;
				ENABLE_STRICT_OBJC_MSGSEND = YES;
				ENABLE_USER_SCRIPT_SANDBOXING = YES;
				GCC_C_LANGUAGE_STANDARD = gnu17;
				GCC_NO_COMMON_BLOCKS = YES;
				GCC_WARN_64_TO_32_BIT_CONVERSION = YES;
				GCC_WARN_ABOUT_RETURN_TYPE = YES_ERROR;
				GCC_WARN_UNDECLARED_SELECTOR = YES;
				GCC_WARN_UNINITIALIZED_AUTOS = YES_AGGRESSIVE;
				GCC_WARN_UNUSED_FUNCTION = YES;
				GCC_WARN_UNUSED_VARIABLE = YES;
				IPHONEOS_DEPLOYMENT_TARGET = 17.4;
				LOCALIZATION_PREFERS_STRING_CATALOGS = YES;
				MTL_ENABLE_DEBUG_INFO = NO;
				MTL_FAST_MATH = YES;
				SDKROOT = iphoneos;
				SWIFT_COMPILATION_MODE = wholemodule;
				VALIDATE_PRODUCT = YES;
			};
			name = Release;
		};
		3632E4A42BDE6DD20023BE5C /* Debug */ = {
			isa = XCBuildConfiguration;
			buildSettings = {
				ASSETCATALOG_COMPILER_APPICON_NAME = AppIcon;
				ASSETCATALOG_COMPILER_GLOBAL_ACCENT_COLOR_NAME = AccentColor;
				CODE_SIGN_STYLE = Automatic;
				CURRENT_PROJECT_VERSION = 1;
				GENERATE_INFOPLIST_FILE = YES;
				INFOPLIST_FILE = ArtBookProject2/Info.plist;
				INFOPLIST_KEY_UIApplicationSupportsIndirectInputEvents = YES;
				INFOPLIST_KEY_UILaunchStoryboardName = LaunchScreen;
				INFOPLIST_KEY_UIMainStoryboardFile = Main;
				INFOPLIST_KEY_UISupportedInterfaceOrientations_iPad = "UIInterfaceOrientationPortrait UIInterfaceOrientationPortraitUpsideDown UIInterfaceOrientationLandscapeLeft UIInterfaceOrientationLandscapeRight";
				INFOPLIST_KEY_UISupportedInterfaceOrientations_iPhone = "UIInterfaceOrientationPortrait UIInterfaceOrientationLandscapeLeft UIInterfaceOrientationLandscapeRight";
				LD_RUNPATH_SEARCH_PATHS = (
					"$(inherited)",
					"@executable_path/Frameworks",
				);
				MARKETING_VERSION = 1.0;
				PRODUCT_BUNDLE_IDENTIFIER = keke.ArtBookProject2;
				PRODUCT_NAME = "$(TARGET_NAME)";
				SWIFT_EMIT_LOC_STRINGS = YES;
				SWIFT_VERSION = 5.0;
				TARGETED_DEVICE_FAMILY = "1,2";
			};
			name = Debug;
		};
		3632E4A52BDE6DD20023BE5C /* Release */ = {
			isa = XCBuildConfiguration;
			buildSettings = {
				ASSETCATALOG_COMPILER_APPICON_NAME = AppIcon;
				ASSETCATALOG_COMPILER_GLOBAL_ACCENT_COLOR_NAME = AccentColor;
				CODE_SIGN_STYLE = Automatic;
				CURRENT_PROJECT_VERSION = 1;
				GENERATE_INFOPLIST_FILE = YES;
				INFOPLIST_FILE = ArtBookProject2/Info.plist;
				INFOPLIST_KEY_UIApplicationSupportsIndirectInputEvents = YES;
				INFOPLIST_KEY_UILaunchStoryboardName = LaunchScreen;
				INFOPLIST_KEY_UIMainStoryboardFile = Main;
				INFOPLIST_KEY_UISupportedInterfaceOrientations_iPad = "UIInterfaceOrientationPortrait UIInterfaceOrientationPortraitUpsideDown UIInterfaceOrientationLandscapeLeft UIInterfaceOrientationLandscapeRight";
				INFOPLIST_KEY_UISupportedInterfaceOrientations_iPhone = "UIInterfaceOrientationPortrait UIInterfaceOrientationLandscapeLeft UIInterfaceOrientationLandscapeRight";
				LD_RUNPATH_SEARCH_PATHS = (
					"$(inherited)",
					"@executable_path/Frameworks",
				);
				MARKETING_VERSION = 1.0;
				PRODUCT_BUNDLE_IDENTIFIER = keke.ArtBookProject2;
				PRODUCT_NAME = "$(TARGET_NAME)";
				SWIFT_EMIT_LOC_STRINGS = YES;
				SWIFT_VERSION = 5.0;
				TARGETED_DEVICE_FAMILY = "1,2";
			};
			name = Release;
		};
/* End XCBuildConfiguration section */

/* Begin XCConfigurationList section */
		3632E4872BDE6DD10023BE5C /* Build configuration list for PBXProject "ArtBookProject2" */ = {
			isa = XCConfigurationList;
			buildConfigurations = (
				3632E4A12BDE6DD20023BE5C /* Debug */,
				3632E4A22BDE6DD20023BE5C /* Release */,
			);
			defaultConfigurationIsVisible = 0;
			defaultConfigurationName = Release;
		};
		3632E4A32BDE6DD20023BE5C /* Build configuration list for PBXNativeTarget "ArtBookProject2" */ = {
			isa = XCConfigurationList;
			buildConfigurations = (
				3632E4A42BDE6DD20023BE5C /* Debug */,
				3632E4A52BDE6DD20023BE5C /* Release */,
			);
			defaultConfigurationIsVisible = 0;
			defaultConfigurationName = Release;
		};
/* End XCConfigurationList section */

/* Begin XCVersionGroup section */
		3632E4982BDE6DD10023BE5C /* ArtBookProject2.xcdatamodeld */ = {
			isa = XCVersionGroup;
			children = (
				3632E4992BDE6DD10023BE5C /* ArtBookProject2.xcdatamodel */,
			);
			currentVersion = 3632E4992BDE6DD10023BE5C /* ArtBookProject2.xcdatamodel */;
			path = ArtBookProject2.xcdatamodeld;
			sourceTree = "<group>";
			versionGroupType = wrapper.xcdatamodel;
		};
/* End XCVersionGroup section */
	};
	rootObject = 3632E4842BDE6DD10023BE5C /* Project object */;
}
